github.com/BurntSushi/toml v1.6.0 h1:dRaEfpa2VI55EwlIW72hMRHdWouJeRF7TPYhI+AUQjk=
github.com/BurntSushi/toml v1.6.0/go.mod h1:ukJfTF/6rtPPRCnwkur4qwRxa8vTRFBF0uk2lLoLwho=
github.com/andybrewer/mack v0.0.0-20251024001139-afd410b36447 h1:k6+jpIs9ursGz+y7nkcM8wKbcuhHUciAG0K8iJc0Q7U=
github.com/andybrewer/mack v0.0.0-20251024001139-afd410b36447/go.mod h1:pPGkS23qg1oDBM+DTLoAN8B4k6EH1zYBWwqwvP7nMi0=
github.com/kevinburke/bigtext v0.0.0-20220519224329-c26d116ded71 h1:3oXjNshpzMGtjE3FIDnbM4noU3FAnLfw9iE6nAci2rA=
github.com/kevinburke/bigtext v0.0.0-20220519224329-c26d116ded71/go.mod h1:SSTLTHEc7/Ab2fjt3WUcTB3VKp0U207/840y65prNfE=
github.com/kevinburke/rest v0.0.0-20250718180114-1a15e4f2364f h1:y+inhBsY0ewgXFXCXlxodNxkXdYeU9YuneCYQEnRkmw=
github.com/kevinburke/rest v0.0.0-20250718180114-1a15e4f2364f/go.mod h1:3cBF15uOiTj025Ll5QHLw317EB+e06+AEwyt7oHUubI=
golang.org/x/sys v0.42.0 h1:omrd2nAlyT5ESRdCLYdm3+fMfNFE/+Rf4bDIQImRJeo=
golang.org/x/sys v0.42.0/go.mod h1:4GL1E5IUh+htKOUEOaiffhrAeqysfVGipDYzABqnCmw=
golang.org/x/term v0.36.0 h1:zMPR+aF8gfksFprF/Nc/rd1wRS1EI6nDBGyWAvDzx2Q=
golang.org/x/term v0.36.0/go.mod h1:Qu394IJq6V6dCBRgwqshf3mPF85AqzYEzofzRdZkWss=
